
Microsoft Visual Studio Solution File, Format Version 12.00
# Visual Studio 14
VisualStudioVersion = 14.0.24720.0
MinimumVisualStudioVersion = 10.0.40219.1
Project("{FAE04EC0-301F-11D3-BF4B-00C04F79EFBC}") = "web", "web\web.csproj", "{07389626-7491-41A5-A7F3-B4D4E6958402}"
EndProject
Project("{FAE04EC0-301F-11D3-BF4B-00C04F79EFBC}") = "BLL", "BLL\BLL.csproj", "{8267FFEE-4ACE-447B-9BF8-6328E5CB2560}"
EndProject
Project("{FAE04EC0-301F-11D3-BF4B-00C04F79EFBC}") = "DAL", "DAL\DAL.csproj", "{43E78268-B245-4A57-B7DC-8F5DEF94E3A9}"
EndProject
Project("{FAE04EC0-301F-11D3-BF4B-00C04F79EFBC}") = "Filter", "Filter\Filter.csproj", "{1CECF4C4-94F3-473F-89B3-FE4DB6077199}"
EndProject
Project("{FAE04EC0-301F-11D3-BF4B-00C04F79EFBC}") = "Common", "Common\Common.csproj", "{1E0EB77A-D6D0-4426-B14F-AD2C5887E8E2}"
EndProject
Project("{FAE04EC0-301F-11D3-BF4B-00C04F79EFBC}") = "Entity", "Entity\Entity.csproj", "{38A14BB9-BF7B-4F1D-BF21-743E893A1FF0}"
EndProject
Project("{FAE04EC0-301F-11D3-BF4B-00C04F79EFBC}") = "SmallSpider_v2", "SmallSpider_v2\SmallSpider_v2.csproj", "{FE15A3D7-3CEE-40BA-853D-A401A9BA3032}"
EndProject
Project("{FAE04EC0-301F-11D3-BF4B-00C04F79EFBC}") = "Test", "WindowsFormsApplication1\Test.csproj", "{1EABB257-AAB4-4D56-BBAD-1C0203AD7302}"
EndProject
Project("{FAE04EC0-301F-11D3-BF4B-00C04F79EFBC}") = "JiSuanQi", "JiSuanQi\JiSuanQi.csproj", "{2B184561-59A9-4D25-9D51-FF9C3338A7E3}"
EndProject
Project("{FAE04EC0-301F-11D3-BF4B-00C04F79EFBC}") = "SimpleFactory", "SimpleFactory\SimpleFactory.csproj", "{6F33A806-D315-4630-BDAE-041A162300E0}"
EndProject
Project("{FAE04EC0-301F-11D3-BF4B-00C04F79EFBC}") = "DocX_test", "DocX_test\DocX_test.csproj", "{67A69BB6-8AD9-4B1C-9570-9101B9A60836}"
EndProject
Project("{FAE04EC0-301F-11D3-BF4B-00C04F79EFBC}") = "GoBang", "GoBang\GoBang.csproj", "{149A6B34-2A3B-49D6-BA3C-701B43118A79}"
EndProject
Global
	GlobalSection(SolutionConfigurationPlatforms) = preSolution
		Debug|Any CPU = Debug|Any CPU
		Debug|x64 = Debug|x64
		Debug|x86 = Debug|x86
		Release|Any CPU = Release|Any CPU
		Release|x64 = Release|x64
		Release|x86 = Release|x86
	EndGlobalSection
	GlobalSection(ProjectConfigurationPlatforms) = postSolution
		{07389626-7491-41A5-A7F3-B4D4E6958402}.Debug|Any CPU.ActiveCfg = Debug|Any CPU
		{07389626-7491-41A5-A7F3-B4D4E6958402}.Debug|Any CPU.Build.0 = Debug|Any CPU
		{07389626-7491-41A5-A7F3-B4D4E6958402}.Debug|x64.ActiveCfg = Debug|x64
		{07389626-7491-41A5-A7F3-B4D4E6958402}.Debug|x64.Build.0 = Debug|x64
		{07389626-7491-41A5-A7F3-B4D4E6958402}.Debug|x86.ActiveCfg = Debug|Any CPU
		{07389626-7491-41A5-A7F3-B4D4E6958402}.Debug|x86.Build.0 = Debug|Any CPU
		{07389626-7491-41A5-A7F3-B4D4E6958402}.Release|Any CPU.ActiveCfg = Release|Any CPU
		{07389626-7491-41A5-A7F3-B4D4E6958402}.Release|Any CPU.Build.0 = Release|Any CPU
		{07389626-7491-41A5-A7F3-B4D4E6958402}.Release|x64.ActiveCfg = Release|x64
		{07389626-7491-41A5-A7F3-B4D4E6958402}.Release|x64.Build.0 = Release|x64
		{07389626-7491-41A5-A7F3-B4D4E6958402}.Release|x86.ActiveCfg = Release|Any CPU
		{07389626-7491-41A5-A7F3-B4D4E6958402}.Release|x86.Build.0 = Release|Any CPU
		{8267FFEE-4ACE-447B-9BF8-6328E5CB2560}.Debug|Any CPU.ActiveCfg = Debug|Any CPU
		{8267FFEE-4ACE-447B-9BF8-6328E5CB2560}.Debug|Any CPU.Build.0 = Debug|Any CPU
		{8267FFEE-4ACE-447B-9BF8-6328E5CB2560}.Debug|x64.ActiveCfg = Debug|x64
		{8267FFEE-4ACE-447B-9BF8-6328E5CB2560}.Debug|x64.Build.0 = Debug|x64
		{8267FFEE-4ACE-447B-9BF8-6328E5CB2560}.Debug|x86.ActiveCfg = Debug|Any CPU
		{8267FFEE-4ACE-447B-9BF8-6328E5CB2560}.Debug|x86.Build.0 = Debug|Any CPU
		{8267FFEE-4ACE-447B-9BF8-6328E5CB2560}.Release|Any CPU.ActiveCfg = Release|Any CPU
		{8267FFEE-4ACE-447B-9BF8-6328E5CB2560}.Release|Any CPU.Build.0 = Release|Any CPU
		{8267FFEE-4ACE-447B-9BF8-6328E5CB2560}.Release|x64.ActiveCfg = Release|x64
		{8267FFEE-4ACE-447B-9BF8-6328E5CB2560}.Release|x64.Build.0 = Release|x64
		{8267FFEE-4ACE-447B-9BF8-6328E5CB2560}.Release|x86.ActiveCfg = Release|Any CPU
		{8267FFEE-4ACE-447B-9BF8-6328E5CB2560}.Release|x86.Build.0 = Release|Any CPU
		{43E78268-B245-4A57-B7DC-8F5DEF94E3A9}.Debug|Any CPU.ActiveCfg = Debug|Any CPU
		{43E78268-B245-4A57-B7DC-8F5DEF94E3A9}.Debug|Any CPU.Build.0 = Debug|Any CPU
		{43E78268-B245-4A57-B7DC-8F5DEF94E3A9}.Debug|x64.ActiveCfg = Debug|x64
		{43E78268-B245-4A57-B7DC-8F5DEF94E3A9}.Debug|x64.Build.0 = Debug|x64
		{43E78268-B245-4A57-B7DC-8F5DEF94E3A9}.Debug|x86.ActiveCfg = Debug|Any CPU
		{43E78268-B245-4A57-B7DC-8F5DEF94E3A9}.Debug|x86.Build.0 = Debug|Any CPU
		{43E78268-B245-4A57-B7DC-8F5DEF94E3A9}.Release|Any CPU.ActiveCfg = Release|Any CPU
		{43E78268-B245-4A57-B7DC-8F5DEF94E3A9}.Release|Any CPU.Build.0 = Release|Any CPU
		{43E78268-B245-4A57-B7DC-8F5DEF94E3A9}.Release|x64.ActiveCfg = Release|x64
		{43E78268-B245-4A57-B7DC-8F5DEF94E3A9}.Release|x64.Build.0 = Release|x64
		{43E78268-B245-4A57-B7DC-8F5DEF94E3A9}.Release|x86.ActiveCfg = Release|Any CPU
		{43E78268-B245-4A57-B7DC-8F5DEF94E3A9}.Release|x86.Build.0 = Release|Any CPU
		{1CECF4C4-94F3-473F-89B3-FE4DB6077199}.Debug|Any CPU.ActiveCfg = Debug|Any CPU
		{1CECF4C4-94F3-473F-89B3-FE4DB6077199}.Debug|Any CPU.Build.0 = Debug|Any CPU
		{1CECF4C4-94F3-473F-89B3-FE4DB6077199}.Debug|x64.ActiveCfg = Debug|x64
		{1CECF4C4-94F3-473F-89B3-FE4DB6077199}.Debug|x64.Build.0 = Debug|x64
		{1CECF4C4-94F3-473F-89B3-FE4DB6077199}.Debug|x86.ActiveCfg = Debug|Any CPU
		{1CECF4C4-94F3-473F-89B3-FE4DB6077199}.Debug|x86.Build.0 = Debug|Any CPU
		{1CECF4C4-94F3-473F-89B3-FE4DB6077199}.Release|Any CPU.ActiveCfg = Release|Any CPU
		{1CECF4C4-94F3-473F-89B3-FE4DB6077199}.Release|Any CPU.Build.0 = Release|Any CPU
		{1CECF4C4-94F3-473F-89B3-FE4DB6077199}.Release|x64.ActiveCfg = Release|x64
		{1CECF4C4-94F3-473F-89B3-FE4DB6077199}.Release|x64.Build.0 = Release|x64
		{1CECF4C4-94F3-473F-89B3-FE4DB6077199}.Release|x86.ActiveCfg = Release|Any CPU
		{1CECF4C4-94F3-473F-89B3-FE4DB6077199}.Release|x86.Build.0 = Release|Any CPU
		{1E0EB77A-D6D0-4426-B14F-AD2C5887E8E2}.Debug|Any CPU.ActiveCfg = Debug|Any CPU
		{1E0EB77A-D6D0-4426-B14F-AD2C5887E8E2}.Debug|Any CPU.Build.0 = Debug|Any CPU
		{1E0EB77A-D6D0-4426-B14F-AD2C5887E8E2}.Debug|x64.ActiveCfg = Debug|x64
		{1E0EB77A-D6D0-4426-B14F-AD2C5887E8E2}.Debug|x64.Build.0 = Debug|x64
		{1E0EB77A-D6D0-4426-B14F-AD2C5887E8E2}.Debug|x86.ActiveCfg = Debug|Any CPU
		{1E0EB77A-D6D0-4426-B14F-AD2C5887E8E2}.Debug|x86.Build.0 = Debug|Any CPU
		{1E0EB77A-D6D0-4426-B14F-AD2C5887E8E2}.Release|Any CPU.ActiveCfg = Release|Any CPU
		{1E0EB77A-D6D0-4426-B14F-AD2C5887E8E2}.Release|Any CPU.Build.0 = Release|Any CPU
		{1E0EB77A-D6D0-4426-B14F-AD2C5887E8E2}.Release|x64.ActiveCfg = Release|x64
		{1E0EB77A-D6D0-4426-B14F-AD2C5887E8E2}.Release|x64.Build.0 = Release|x64
		{1E0EB77A-D6D0-4426-B14F-AD2C5887E8E2}.Release|x86.ActiveCfg = Release|Any CPU
		{1E0EB77A-D6D0-4426-B14F-AD2C5887E8E2}.Release|x86.Build.0 = Release|Any CPU
		{38A14BB9-BF7B-4F1D-BF21-743E893A1FF0}.Debug|Any CPU.ActiveCfg = Debug|Any CPU
		{38A14BB9-BF7B-4F1D-BF21-743E893A1FF0}.Debug|Any CPU.Build.0 = Debug|Any CPU
		{38A14BB9-BF7B-4F1D-BF21-743E893A1FF0}.Debug|x64.ActiveCfg = Debug|x64
		{38A14BB9-BF7B-4F1D-BF21-743E893A1FF0}.Debug|x64.Build.0 = Debug|x64
		{38A14BB9-BF7B-4F1D-BF21-743E893A1FF0}.Debug|x86.ActiveCfg = Debug|Any CPU
		{38A14BB9-BF7B-4F1D-BF21-743E893A1FF0}.Debug|x86.Build.0 = Debug|Any CPU
		{38A14BB9-BF7B-4F1D-BF21-743E893A1FF0}.Release|Any CPU.ActiveCfg = Release|Any CPU
		{38A14BB9-BF7B-4F1D-BF21-743E893A1FF0}.Release|Any CPU.Build.0 = Release|Any CPU
		{38A14BB9-BF7B-4F1D-BF21-743E893A1FF0}.Release|x64.ActiveCfg = Release|x64
		{38A14BB9-BF7B-4F1D-BF21-743E893A1FF0}.Release|x64.Build.0 = Release|x64
		{38A14BB9-BF7B-4F1D-BF21-743E893A1FF0}.Release|x86.ActiveCfg = Release|Any CPU
		{38A14BB9-BF7B-4F1D-BF21-743E893A1FF0}.Release|x86.Build.0 = Release|Any CPU
		{FE15A3D7-3CEE-40BA-853D-A401A9BA3032}.Debug|Any CPU.ActiveCfg = Debug|Any CPU
		{FE15A3D7-3CEE-40BA-853D-A401A9BA3032}.Debug|Any CPU.Build.0 = Debug|Any CPU
		{FE15A3D7-3CEE-40BA-853D-A401A9BA3032}.Debug|x64.ActiveCfg = Debug|x64
		{FE15A3D7-3CEE-40BA-853D-A401A9BA3032}.Debug|x64.Build.0 = Debug|x64
		{FE15A3D7-3CEE-40BA-853D-A401A9BA3032}.Debug|x86.ActiveCfg = Debug|Any CPU
		{FE15A3D7-3CEE-40BA-853D-A401A9BA3032}.Debug|x86.Build.0 = Debug|Any CPU
		{FE15A3D7-3CEE-40BA-853D-A401A9BA3032}.Release|Any CPU.ActiveCfg = Release|Any CPU
		{FE15A3D7-3CEE-40BA-853D-A401A9BA3032}.Release|Any CPU.Build.0 = Release|Any CPU
		{FE15A3D7-3CEE-40BA-853D-A401A9BA3032}.Release|x64.ActiveCfg = Release|x64
		{FE15A3D7-3CEE-40BA-853D-A401A9BA3032}.Release|x64.Build.0 = Release|x64
		{FE15A3D7-3CEE-40BA-853D-A401A9BA3032}.Release|x86.ActiveCfg = Release|Any CPU
		{FE15A3D7-3CEE-40BA-853D-A401A9BA3032}.Release|x86.Build.0 = Release|Any CPU
		{1EABB257-AAB4-4D56-BBAD-1C0203AD7302}.Debug|Any CPU.ActiveCfg = Debug|Any CPU
		{1EABB257-AAB4-4D56-BBAD-1C0203AD7302}.Debug|Any CPU.Build.0 = Debug|Any CPU
		{1EABB257-AAB4-4D56-BBAD-1C0203AD7302}.Debug|x64.ActiveCfg = Debug|x64
		{1EABB257-AAB4-4D56-BBAD-1C0203AD7302}.Debug|x64.Build.0 = Debug|x64
		{1EABB257-AAB4-4D56-BBAD-1C0203AD7302}.Debug|x86.ActiveCfg = Debug|Any CPU
		{1EABB257-AAB4-4D56-BBAD-1C0203AD7302}.Debug|x86.Build.0 = Debug|Any CPU
		{1EABB257-AAB4-4D56-BBAD-1C0203AD7302}.Release|Any CPU.ActiveCfg = Release|Any CPU
		{1EABB257-AAB4-4D56-BBAD-1C0203AD7302}.Release|Any CPU.Build.0 = Release|Any CPU
		{1EABB257-AAB4-4D56-BBAD-1C0203AD7302}.Release|x64.ActiveCfg = Release|x64
		{1EABB257-AAB4-4D56-BBAD-1C0203AD7302}.Release|x64.Build.0 = Release|x64
		{1EABB257-AAB4-4D56-BBAD-1C0203AD7302}.Release|x86.ActiveCfg = Release|Any CPU
		{1EABB257-AAB4-4D56-BBAD-1C0203AD7302}.Release|x86.Build.0 = Release|Any CPU
		{2B184561-59A9-4D25-9D51-FF9C3338A7E3}.Debug|Any CPU.ActiveCfg = Debug|Any CPU
		{2B184561-59A9-4D25-9D51-FF9C3338A7E3}.Debug|Any CPU.Build.0 = Debug|Any CPU
		{2B184561-59A9-4D25-9D51-FF9C3338A7E3}.Debug|x64.ActiveCfg = Debug|Any CPU
		{2B184561-59A9-4D25-9D51-FF9C3338A7E3}.Debug|x64.Build.0 = Debug|Any CPU
		{2B184561-59A9-4D25-9D51-FF9C3338A7E3}.Debug|x86.ActiveCfg = Debug|Any CPU
		{2B184561-59A9-4D25-9D51-FF9C3338A7E3}.Debug|x86.Build.0 = Debug|Any CPU
		{2B184561-59A9-4D25-9D51-FF9C3338A7E3}.Release|Any CPU.ActiveCfg = Release|Any CPU
		{2B184561-59A9-4D25-9D51-FF9C3338A7E3}.Release|Any CPU.Build.0 = Release|Any CPU
		{2B184561-59A9-4D25-9D51-FF9C3338A7E3}.Release|x64.ActiveCfg = Release|Any CPU
		{2B184561-59A9-4D25-9D51-FF9C3338A7E3}.Release|x64.Build.0 = Release|Any CPU
		{2B184561-59A9-4D25-9D51-FF9C3338A7E3}.Release|x86.ActiveCfg = Release|Any CPU
		{2B184561-59A9-4D25-9D51-FF9C3338A7E3}.Release|x86.Build.0 = Release|Any CPU
		{6F33A806-D315-4630-BDAE-041A162300E0}.Debug|Any CPU.ActiveCfg = Debug|Any CPU
		{6F33A806-D315-4630-BDAE-041A162300E0}.Debug|Any CPU.Build.0 = Debug|Any CPU
		{6F33A806-D315-4630-BDAE-041A162300E0}.Debug|x64.ActiveCfg = Debug|Any CPU
		{6F33A806-D315-4630-BDAE-041A162300E0}.Debug|x64.Build.0 = Debug|Any CPU
		{6F33A806-D315-4630-BDAE-041A162300E0}.Debug|x86.ActiveCfg = Debug|Any CPU
		{6F33A806-D315-4630-BDAE-041A162300E0}.Debug|x86.Build.0 = Debug|Any CPU
		{6F33A806-D315-4630-BDAE-041A162300E0}.Release|Any CPU.ActiveCfg = Release|Any CPU
		{6F33A806-D315-4630-BDAE-041A162300E0}.Release|Any CPU.Build.0 = Release|Any CPU
		{6F33A806-D315-4630-BDAE-041A162300E0}.Release|x64.ActiveCfg = Release|Any CPU
		{6F33A806-D315-4630-BDAE-041A162300E0}.Release|x64.Build.0 = Release|Any CPU
		{6F33A806-D315-4630-BDAE-041A162300E0}.Release|x86.ActiveCfg = Release|Any CPU
		{6F33A806-D315-4630-BDAE-041A162300E0}.Release|x86.Build.0 = Release|Any CPU
		{67A69BB6-8AD9-4B1C-9570-9101B9A60836}.Debug|Any CPU.ActiveCfg = Debug|Any CPU
		{67A69BB6-8AD9-4B1C-9570-9101B9A60836}.Debug|Any CPU.Build.0 = Debug|Any CPU
		{67A69BB6-8AD9-4B1C-9570-9101B9A60836}.Debug|x64.ActiveCfg = Debug|Any CPU
		{67A69BB6-8AD9-4B1C-9570-9101B9A60836}.Debug|x64.Build.0 = Debug|Any CPU
		{67A69BB6-8AD9-4B1C-9570-9101B9A60836}.Debug|x86.ActiveCfg = Debug|Any CPU
		{67A69BB6-8AD9-4B1C-9570-9101B9A60836}.Debug|x86.Build.0 = Debug|Any CPU
		{67A69BB6-8AD9-4B1C-9570-9101B9A60836}.Release|Any CPU.ActiveCfg = Release|Any CPU
		{67A69BB6-8AD9-4B1C-9570-9101B9A60836}.Release|Any CPU.Build.0 = Release|Any CPU
		{67A69BB6-8AD9-4B1C-9570-9101B9A60836}.Release|x64.ActiveCfg = Release|Any CPU
		{67A69BB6-8AD9-4B1C-9570-9101B9A60836}.Release|x64.Build.0 = Release|Any CPU
		{67A69BB6-8AD9-4B1C-9570-9101B9A60836}.Release|x86.ActiveCfg = Release|Any CPU
		{67A69BB6-8AD9-4B1C-9570-9101B9A60836}.Release|x86.Build.0 = Release|Any CPU
		{149A6B34-2A3B-49D6-BA3C-701B43118A79}.Debug|Any CPU.ActiveCfg = Debug|Any CPU
		{149A6B34-2A3B-49D6-BA3C-701B43118A79}.Debug|Any CPU.Build.0 = Debug|Any CPU
		{149A6B34-2A3B-49D6-BA3C-701B43118A79}.Debug|x64.ActiveCfg = Debug|Any CPU
		{149A6B34-2A3B-49D6-BA3C-701B43118A79}.Debug|x64.Build.0 = Debug|Any CPU
		{149A6B34-2A3B-49D6-BA3C-701B43118A79}.Debug|x86.ActiveCfg = Debug|Any CPU
		{149A6B34-2A3B-49D6-BA3C-701B43118A79}.Debug|x86.Build.0 = Debug|Any CPU
		{149A6B34-2A3B-49D6-BA3C-701B43118A79}.Release|Any CPU.ActiveCfg = Release|Any CPU
		{149A6B34-2A3B-49D6-BA3C-701B43118A79}.Release|Any CPU.Build.0 = Release|Any CPU
		{149A6B34-2A3B-49D6-BA3C-701B43118A79}.Release|x64.ActiveCfg = Release|Any CPU
		{149A6B34-2A3B-49D6-BA3C-701B43118A79}.Release|x64.Build.0 = Release|Any CPU
		{149A6B34-2A3B-49D6-BA3C-701B43118A79}.Release|x86.ActiveCfg = Release|Any CPU
		{149A6B34-2A3B-49D6-BA3C-701B43118A79}.Release|x86.Build.0 = Release|Any CPU
	EndGlobalSection
	GlobalSection(SolutionProperties) = preSolution
		HideSolutionNode = FALSE
	EndGlobalSection
EndGlobal
